{
  "version": 4,
  "terraform_version": "0.13.5",
  "serial": 107,
  "lineage": "1cfd82e8-8d2d-4bb3-a8d5-e42579f0a2b4",
  "outputs": {
    "cluster_name": {
      "value": "lab-cluster-dev",
      "type": "string"
    }
  },
  "resources": [
    {
      "mode": "managed",
      "type": "local_file",
      "name": "kubeconfig",
      "provider": "provider[\"registry.terraform.io/hashicorp/local\"]",
      "instances": [
        {
          "schema_version": 0,
          "attributes": {
            "content": "apiVersion: v1\nclusters:\n- cluster:\n    certificate-authority-data: LS0tLS1CRUdJTiBDRVJUSUZJQ0FURS0tLS0tCk1JSURLakNDQWhLZ0F3SUJBZ0lRZC8reS9Wd0RCc0JWUm4xa3Z3OS9SekFOQmdrcWhraUc5dzBCQVFzRkFEQXYKTVMwd0t3WURWUVFERXlSbE1tUTFNMkptWXkwMk5UbGlMVFJrTlRVdE9EUTBaUzB5TkRBME1tRmxNalF5TURrdwpIaGNOTWpFd05ETXdNRFF3T0RVNVdoY05Nall3TkRJNU1EVXdPRFU1V2pBdk1TMHdLd1lEVlFRREV5UmxNbVExCk0ySm1ZeTAyTlRsaUxUUmtOVFV0T0RRMFpTMHlOREEwTW1GbE1qUXlNRGt3Z2dFaU1BMEdDU3FHU0liM0RRRUIKQVFVQUE0SUJEd0F3Z2dFS0FvSUJBUURGdVRFWXZVRU9yV3crMDZaYVBnWjBhTXBHcWJ5Uko5M2x3TjArM0MrQgpaN3JrWWtBTkdBRUt6ZHJXVy8yV0ZXVFRBWVJyWWNWYjdKak9rRXRIM21ZM3ZaRkNGQ3d3cEFUMnVFSm56OUU0ClJGbGgzcC8rWHFEdE9zUEpXWmZVbHB3N0xxbnR0QkJGOXdoQTFhdXB0UFlXS2NPbUk1MHpVUU83Z1YwWVV5am8Kb1oxK2pmNmcvUmF1a3p5ZE5CdHRkZGtIVU5TeXhxQ2hIQ2ZpUWJMVW92TGZRWEJuS2p5UUJkbmQ4RXV2Si9KMQpJc3hZMmZEZ2JsWFhQZU43T1R4WHZEVXpxb0ovbVNNT0dobFpVMHhzNWJwVlFzZGxWUkgvdzNpTXgvY2NUM0poCjIrbkUraVBSQURRaHZGOU1nRDNiNEhIUGFrUThjNmZzcXBSdmdSSjdMZlA1QWdNQkFBR2pRakJBTUE0R0ExVWQKRHdFQi93UUVBd0lDQkRBUEJnTlZIUk1CQWY4RUJUQURBUUgvTUIwR0ExVWREZ1FXQkJSUTBsVFQ2dGEwMVNXUwozaDhFTUxDUmVERCtuREFOQmdrcWhraUc5dzBCQVFzRkFBT0NBUUVBZkZBdjNHZ05QU2FNd0t1V1pVbllRajdwCk1UQSs5a0MvNVNKUnNZNFFYcHBKcUhMQXBRMUp0NTkzQnVCdVI4MEFjdjQzMlBEVjVxUG9tWGZENDJINGwxcDAKcXZrOGV0R3Q2RzVaVFRqcXdqbU1mc2pFTzYzU0UxK1FqcjgwY0J6YVFUOUxhYUp3UTdzVjltZjhBZ3Y3UXdPeAozT3pNUmNtR2xjY1ZRVDBXc1dheUM1VS9ZaE9DQ1pMb3ZqSE5ZVEVyTkQvSlVlOVVQTnIyMkdYVTF6WnpiQng3CnYwQ3lWMytaV2J0V3Fpay83Zy81RTZUYjd1RllqSE9Gb2FXTkdoajh6N2o2MVR6MmR2NzFoRmF6VUVlVVFFUzMKSlV1T0t0MGhtOVNWdWVEaXZhR0l2ZmJlNkZYYzd3ZXBkOUg2S3VVVzNmRGFtQU1oS2laREhYWjJjOUVGQ0E9PQotLS0tLUVORCBDRVJUSUZJQ0FURS0tLS0tCg==\n    server: https://104.155.127.149\n  name: lab-cluster-dev\ncontexts:\n- context:\n    cluster: lab-cluster-dev\n    user: lab-cluster-dev\n  name: lab-cluster-dev\ncurrent-context: lab-cluster-dev\nkind: Config\npreferences: {}\nusers:\n- name: lab-cluster-dev\n  user:\n    token: ya29.a0AfH6SMBeVTHGv1d5lwGW1WyMw4XU1s_tQSdm88qYOkGkN1t2Zn-GuoS5m-mdiAlsIr41mIuLKagL1-_PHXdECiezxkk-fe-LcdCOeid7PPmKW4NrUVxTVxXU5vbMD6unMa66ON3DBqy3HAtSa6gf6jI_9nh2YCf6a5LW0AfJ4W_sLOcCsmwgy4O0eNSmkpGX4DYiOlo4oUDepsuu_mu_OTpkUzUdBoyvSlItpEDIakXGRAJj_gmj_pYtIFBGmmXEIrC1rJ4\n",
            "content_base64": null,
            "directory_permission": "0777",
            "file_permission": "0777",
            "filename": "kubeconfig-dev",
            "id": "e55b5f43370f655433ad400e4b39d5329b2c8b53",
            "sensitive_content": null,
            "source": null
          },
          "private": "bnVsbA==",
          "dependencies": [
            "module.gcp-network.module.subnets.google_compute_subnetwork.subnetwork",
            "module.gcp-network.module.vpc.google_compute_network.network",
            "module.gke.data.google_client_config.default",
            "module.gke.data.google_compute_subnetwork.gke_subnetwork",
            "module.gke.data.google_compute_zones.available",
            "module.gke.data.google_container_engine_versions.region",
            "module.gke.data.google_container_engine_versions.zone",
            "module.gke.google_compute_firewall.intra_egress",
            "module.gke.google_compute_firewall.master_webhooks",
            "module.gke.google_compute_firewall.shadow_allow_master",
            "module.gke.google_compute_firewall.shadow_allow_nodes",
            "module.gke.google_compute_firewall.shadow_allow_pods",
            "module.gke.google_container_cluster.primary",
            "module.gke.google_container_node_pool.pools",
            "module.gke.google_project_iam_member.cluster_service_account-artifact-registry",
            "module.gke.google_project_iam_member.cluster_service_account-gcr",
            "module.gke.google_project_iam_member.cluster_service_account-log_writer",
            "module.gke.google_project_iam_member.cluster_service_account-metric_writer",
            "module.gke.google_project_iam_member.cluster_service_account-monitoring_viewer",
            "module.gke.google_project_iam_member.cluster_service_account-resourceMetadata-writer",
            "module.gke.google_service_account.cluster_service_account",
            "module.gke.kubernetes_config_map.ip-masq-agent",
            "module.gke.kubernetes_config_map.kube-dns",
            "module.gke.kubernetes_config_map.kube-dns-upstream-nameservers-and-stub-domains",
            "module.gke.kubernetes_config_map.kube-dns-upstream-namservers",
            "module.gke.module.gcloud_delete_default_kube_dns_configmap.module.gcloud_kubectl.data.external.env_override",
            "module.gke.module.gcloud_delete_default_kube_dns_configmap.module.gcloud_kubectl.null_resource.additional_components",
            "module.gke.module.gcloud_delete_default_kube_dns_configmap.module.gcloud_kubectl.null_resource.additional_components_destroy",
            "module.gke.module.gcloud_delete_default_kube_dns_configmap.module.gcloud_kubectl.null_resource.decompress",
            "module.gke.module.gcloud_delete_default_kube_dns_configmap.module.gcloud_kubectl.null_resource.decompress_destroy",
            "module.gke.module.gcloud_delete_default_kube_dns_configmap.module.gcloud_kubectl.null_resource.download_gcloud",
            "module.gke.module.gcloud_delete_default_kube_dns_configmap.module.gcloud_kubectl.null_resource.download_jq",
            "module.gke.module.gcloud_delete_default_kube_dns_configmap.module.gcloud_kubectl.null_resource.gcloud_auth_google_credentials",
            "module.gke.module.gcloud_delete_default_kube_dns_configmap.module.gcloud_kubectl.null_resource.gcloud_auth_google_credentials_destroy",
            "module.gke.module.gcloud_delete_default_kube_dns_configmap.module.gcloud_kubectl.null_resource.gcloud_auth_service_account_key_file",
            "module.gke.module.gcloud_delete_default_kube_dns_configmap.module.gcloud_kubectl.null_resource.gcloud_auth_service_account_key_file_destroy",
            "module.gke.module.gcloud_delete_default_kube_dns_configmap.module.gcloud_kubectl.null_resource.module_depends_on",
            "module.gke.module.gcloud_delete_default_kube_dns_configmap.module.gcloud_kubectl.null_resource.prepare_cache",
            "module.gke.module.gcloud_delete_default_kube_dns_configmap.module.gcloud_kubectl.null_resource.run_command",
            "module.gke.module.gcloud_delete_default_kube_dns_configmap.module.gcloud_kubectl.null_resource.run_destroy_command",
            "module.gke.module.gcloud_delete_default_kube_dns_configmap.module.gcloud_kubectl.null_resource.upgrade",
            "module.gke.module.gcloud_delete_default_kube_dns_configmap.module.gcloud_kubectl.null_resource.upgrade_destroy",
            "module.gke.module.gcloud_delete_default_kube_dns_configmap.module.gcloud_kubectl.random_id.cache",
            "module.gke.random_shuffle.available_zones",
            "module.gke.random_string.cluster_service_account_suffix",
            "module.gke_auth.data.google_client_config.provider",
            "module.gke_auth.data.google_container_cluster.gke_cluster",
            "module.gke_auth.data.template_file.kubeconfig"
          ]
        }
      ]
    },
    {
      "module": "module.gcp-network.module.subnets",
      "mode": "managed",
      "type": "google_compute_subnetwork",
      "name": "subnetwork",
      "provider": "provider[\"registry.terraform.io/hashicorp/google\"]",
      "instances": [
        {
          "index_key": "europe-west1/subnet-gke-01",
          "schema_version": 0,
          "attributes": {
            "creation_timestamp": "2021-04-29T22:08:27.005-07:00",
            "description": "",
            "fingerprint": null,
            "gateway_address": "10.10.0.1",
            "id": "projects/terraform-learning-306409/regions/europe-west1/subnetworks/subnet-gke-01",
            "ip_cidr_range": "10.10.0.0/16",
            "log_config": [],
            "name": "subnet-gke-01",
            "network": "https://www.googleapis.com/compute/v1/projects/terraform-learning-306409/global/networks/vpc-gke-01",
            "private_ip_google_access": false,
            "project": "terraform-learning-306409",
            "region": "europe-west1",
            "secondary_ip_range": [
              {
                "ip_cidr_range": "10.20.0.0/16",
                "range_name": "ip-range-pods"
              },
              {
                "ip_cidr_range": "10.30.0.0/16",
                "range_name": "ip-range-services"
              }
            ],
            "self_link": "https://www.googleapis.com/compute/v1/projects/terraform-learning-306409/regions/europe-west1/subnetworks/subnet-gke-01",
            "timeouts": null
          },
          "private": "eyJlMmJmYjczMC1lY2FhLTExZTYtOGY4OC0zNDM2M2JjN2M0YzAiOnsiY3JlYXRlIjozNjAwMDAwMDAwMDAsImRlbGV0ZSI6MzYwMDAwMDAwMDAwLCJ1cGRhdGUiOjM2MDAwMDAwMDAwMH19",
          "dependencies": [
            "module.gcp-network.module.vpc.google_compute_network.network"
          ]
        }
      ]
    },
    {
      "module": "module.gcp-network.module.vpc",
      "mode": "managed",
      "type": "google_compute_network",
      "name": "network",
      "provider": "provider[\"registry.terraform.io/hashicorp/google\"]",
      "instances": [
        {
          "schema_version": 0,
          "attributes": {
            "auto_create_subnetworks": false,
            "delete_default_routes_on_create": false,
            "description": "",
            "gateway_ipv4": "",
            "id": "projects/terraform-learning-306409/global/networks/vpc-gke-01",
            "name": "vpc-gke-01",
            "project": "terraform-learning-306409",
            "routing_mode": "GLOBAL",
            "self_link": "https://www.googleapis.com/compute/v1/projects/terraform-learning-306409/global/networks/vpc-gke-01",
            "timeouts": null
          },
          "private": "eyJlMmJmYjczMC1lY2FhLTExZTYtOGY4OC0zNDM2M2JjN2M0YzAiOnsiY3JlYXRlIjoyNDAwMDAwMDAwMDAsImRlbGV0ZSI6MjQwMDAwMDAwMDAwLCJ1cGRhdGUiOjI0MDAwMDAwMDAwMH19"
        }
      ]
    },
    {
      "module": "module.gke",
      "mode": "data",
      "type": "google_client_config",
      "name": "default",
      "provider": "provider[\"registry.terraform.io/hashicorp/google\"]",
      "instances": [
        {
          "schema_version": 0,
          "attributes": {
            "access_token": "ya29.a0AfH6SMBeVTHGv1d5lwGW1WyMw4XU1s_tQSdm88qYOkGkN1t2Zn-GuoS5m-mdiAlsIr41mIuLKagL1-_PHXdECiezxkk-fe-LcdCOeid7PPmKW4NrUVxTVxXU5vbMD6unMa66ON3DBqy3HAtSa6gf6jI_9nh2YCf6a5LW0AfJ4W_sLOcCsmwgy4O0eNSmkpGX4DYiOlo4oUDepsuu_mu_OTpkUzUdBoyvSlItpEDIakXGRAJj_gmj_pYtIFBGmmXEIrC1rJ4",
            "id": "projects/terraform-learning-306409/regions//zones/",
            "project": "terraform-learning-306409",
            "region": "",
            "zone": ""
          }
        }
      ]
    },
    {
      "module": "module.gke",
      "mode": "data",
      "type": "google_compute_zones",
      "name": "available",
      "provider": "provider[\"registry.terraform.io/hashicorp/google\"]",
      "instances": [
        {
          "schema_version": 0,
          "attributes": {
            "id": "projects/terraform-learning-306409/regions/europe-west1",
            "names": [
              "europe-west1-b",
              "europe-west1-c",
              "europe-west1-d"
            ],
            "project": "terraform-learning-306409",
            "region": "europe-west1",
            "status": null
          }
        }
      ]
    },
    {
      "module": "module.gke",
      "mode": "data",
      "type": "google_container_engine_versions",
      "name": "region",
      "provider": "provider[\"registry.terraform.io/hashicorp/google\"]",
      "instances": [
        {
          "schema_version": 0,
          "attributes": {
            "default_cluster_version": "1.17.17-gke.3700",
            "id": "2021-04-30 05:08:05.8561386 +0000 UTC",
            "latest_master_version": "1.19.9-gke.1400",
            "latest_node_version": "1.19.9-gke.1400",
            "location": "europe-west1",
            "project": "terraform-learning-306409",
            "release_channel_default_version": {
              "RAPID": "1.19.9-gke.700",
              "REGULAR": "1.18.16-gke.502",
              "STABLE": "1.17.17-gke.3700"
            },
            "valid_master_versions": [
              "1.19.9-gke.1400",
              "1.19.8-gke.1600",
              "1.18.17-gke.1200",
              "1.18.17-gke.700",
              "1.18.17-gke.100",
              "1.18.16-gke.2100",
              "1.18.16-gke.1201",
              "1.18.16-gke.502",
              "1.18.16-gke.302",
              "1.18.16-gke.300",
              "1.18.15-gke.1502",
              "1.18.15-gke.1501",
              "1.17.17-gke.6000",
              "1.17.17-gke.5400",
              "1.17.17-gke.4900",
              "1.17.17-gke.4400",
              "1.17.17-gke.3700",
              "1.17.17-gke.3000",
              "1.17.17-gke.2800",
              "1.17.17-gke.1500",
              "1.17.17-gke.1101",
              "1.16.15-gke.14800",
              "1.16.15-gke.12500"
            ],
            "valid_node_versions": [
              "1.19.9-gke.1400",
              "1.19.8-gke.1600",
              "1.18.17-gke.1200",
              "1.18.17-gke.700",
              "1.18.17-gke.100",
              "1.18.16-gke.2100",
              "1.18.16-gke.1201",
              "1.18.16-gke.1200",
              "1.18.16-gke.502",
              "1.18.16-gke.500",
              "1.18.16-gke.302",
              "1.18.16-gke.300",
              "1.18.15-gke.2500",
              "1.18.15-gke.1502",
              "1.18.15-gke.1501",
              "1.18.15-gke.1500",
              "1.18.15-gke.1102",
              "1.18.15-gke.1100",
              "1.18.15-gke.800",
              "1.18.14-gke.1600",
              "1.18.14-gke.1200",
              "1.18.12-gke.1210",
              "1.18.12-gke.1206",
              "1.18.12-gke.1205",
              "1.18.12-gke.1201",
              "1.18.12-gke.1200",
              "1.18.12-gke.300",
              "1.18.10-gke.2701",
              "1.18.10-gke.2101",
              "1.18.10-gke.1500",
              "1.18.10-gke.601",
              "1.18.9-gke.2501",
              "1.18.9-gke.1501",
              "1.18.9-gke.801",
              "1.18.6-gke.4801",
              "1.18.6-gke.3504",
              "1.18.6-gke.3503",
              "1.17.17-gke.6000",
              "1.17.17-gke.5400",
              "1.17.17-gke.4900",
              "1.17.17-gke.4400",
              "1.17.17-gke.3700",
              "1.17.17-gke.3000",
              "1.17.17-gke.2800",
              "1.17.17-gke.2500",
              "1.17.17-gke.1500",
              "1.17.17-gke.1101",
              "1.17.17-gke.1100",
              "1.17.17-gke.600",
              "1.17.16-gke.1600",
              "1.17.16-gke.1300",
              "1.17.15-gke.800",
              "1.17.15-gke.300",
              "1.17.14-gke.1600",
              "1.17.14-gke.1200",
              "1.17.14-gke.400",
              "1.17.13-gke.2600",
              "1.17.13-gke.2001",
              "1.17.13-gke.1401",
              "1.17.13-gke.1400",
              "1.17.13-gke.600",
              "1.17.12-gke.2502",
              "1.17.12-gke.1504",
              "1.17.12-gke.1501",
              "1.17.12-gke.500",
              "1.17.9-gke.6300",
              "1.17.9-gke.1504",
              "1.16.15-gke.14800",
              "1.16.15-gke.12500",
              "1.16.15-gke.11800",
              "1.16.15-gke.10600",
              "1.16.15-gke.7801",
              "1.16.15-gke.7800",
              "1.16.15-gke.7300",
              "1.16.15-gke.6900",
              "1.16.15-gke.6000",
              "1.16.15-gke.5500",
              "1.16.15-gke.4901",
              "1.16.15-gke.4301",
              "1.16.15-gke.4300",
              "1.16.15-gke.3500",
              "1.16.15-gke.2601",
              "1.16.15-gke.1600",
              "1.16.15-gke.500",
              "1.16.13-gke.404",
              "1.16.13-gke.403",
              "1.16.13-gke.401",
              "1.16.13-gke.400",
              "1.16.13-gke.1",
              "1.16.11-gke.5",
              "1.16.10-gke.8",
              "1.16.9-gke.6",
              "1.16.9-gke.2",
              "1.16.8-gke.15",
              "1.16.8-gke.12",
              "1.16.8-gke.9",
              "1.15.12-gke.6002",
              "1.15.12-gke.6001",
              "1.15.12-gke.5000",
              "1.15.12-gke.4002",
              "1.15.12-gke.4000",
              "1.15.12-gke.20",
              "1.15.12-gke.17",
              "1.15.12-gke.16",
              "1.15.12-gke.13",
              "1.15.12-gke.9",
              "1.15.12-gke.6",
              "1.15.12-gke.3",
              "1.15.12-gke.2",
              "1.15.11-gke.17",
              "1.15.11-gke.15",
              "1.15.11-gke.13",
              "1.15.11-gke.12",
              "1.15.11-gke.11",
              "1.15.11-gke.9",
              "1.15.11-gke.5",
              "1.15.11-gke.3",
              "1.15.11-gke.1",
              "1.15.9-gke.26",
              "1.15.9-gke.24",
              "1.15.9-gke.22",
              "1.15.9-gke.12",
              "1.15.9-gke.9",
              "1.15.9-gke.8",
              "1.15.8-gke.3",
              "1.15.8-gke.2",
              "1.15.7-gke.23",
              "1.15.7-gke.2",
              "1.15.4-gke.22",
              "1.14.10-gke.1504",
              "1.14.10-gke.902",
              "1.14.10-gke.50",
              "1.14.10-gke.46",
              "1.14.10-gke.45",
              "1.14.10-gke.42",
              "1.14.10-gke.41",
              "1.14.10-gke.40",
              "1.14.10-gke.37",
              "1.14.10-gke.36",
              "1.14.10-gke.34",
              "1.14.10-gke.32",
              "1.14.10-gke.31",
              "1.14.10-gke.27",
              "1.14.10-gke.24",
              "1.14.10-gke.22",
              "1.14.10-gke.21",
              "1.14.10-gke.17",
              "1.14.10-gke.0",
              "1.14.9-gke.23",
              "1.14.9-gke.2",
              "1.14.9-gke.0",
              "1.14.8-gke.33",
              "1.14.8-gke.21",
              "1.14.8-gke.18",
              "1.14.8-gke.17",
              "1.14.8-gke.14",
              "1.14.8-gke.12",
              "1.14.8-gke.7",
              "1.14.8-gke.2",
              "1.14.7-gke.40",
              "1.14.7-gke.25",
              "1.14.7-gke.23",
              "1.14.7-gke.17",
              "1.14.7-gke.14",
              "1.14.7-gke.10",
              "1.14.6-gke.13",
              "1.14.6-gke.2",
              "1.14.6-gke.1",
              "1.14.3-gke.11",
              "1.14.3-gke.10",
              "1.14.3-gke.9",
              "1.14.2-gke.9",
              "1.14.1-gke.5",
              "1.13.12-gke.30",
              "1.13.12-gke.25",
              "1.13.12-gke.17",
              "1.13.12-gke.16",
              "1.13.12-gke.14",
              "1.13.12-gke.13",
              "1.13.12-gke.10",
              "1.13.12-gke.8",
              "1.13.12-gke.4",
              "1.13.12-gke.2",
              "1.13.11-gke.23",
              "1.13.11-gke.15",
              "1.13.11-gke.14",
              "1.13.11-gke.12",
              "1.13.11-gke.11",
              "1.13.11-gke.9",
              "1.13.11-gke.5",
              "1.13.10-gke.7",
              "1.13.10-gke.0",
              "1.13.9-gke.11",
              "1.13.9-gke.3",
              "1.13.7-gke.24",
              "1.13.7-gke.19",
              "1.13.7-gke.15",
              "1.13.7-gke.8",
              "1.13.7-gke.0",
              "1.13.6-gke.13",
              "1.13.6-gke.6",
              "1.13.6-gke.5",
              "1.13.6-gke.0",
              "1.13.5-gke.10",
              "1.12.10-gke.22",
              "1.12.10-gke.20",
              "1.12.10-gke.19",
              "1.12.10-gke.18",
              "1.12.10-gke.17",
              "1.12.10-gke.15",
              "1.12.10-gke.13",
              "1.12.10-gke.11",
              "1.12.10-gke.5",
              "1.12.9-gke.16",
              "1.12.9-gke.15",
              "1.12.9-gke.13",
              "1.12.9-gke.10",
              "1.12.9-gke.7",
              "1.12.9-gke.3",
              "1.12.8-gke.12",
              "1.12.8-gke.10",
              "1.12.8-gke.7",
              "1.12.8-gke.6",
              "1.12.7-gke.26",
              "1.12.7-gke.25",
              "1.12.7-gke.24",
              "1.12.7-gke.22",
              "1.12.7-gke.21",
              "1.12.7-gke.17",
              "1.12.7-gke.10",
              "1.12.7-gke.7",
              "1.12.6-gke.11",
              "1.12.6-gke.10",
              "1.12.6-gke.7",
              "1.12.5-gke.10",
              "1.12.5-gke.5",
              "1.11.10-gke.6",
              "1.11.10-gke.5"
            ],
            "version_prefix": null
          }
        }
      ]
    },
    {
      "module": "module.gke",
      "mode": "data",
      "type": "google_container_engine_versions",
      "name": "zone",
      "provider": "provider[\"registry.terraform.io/hashicorp/google\"]",
      "instances": [
        {
          "schema_version": 0,
          "attributes": {
            "default_cluster_version": "1.17.17-gke.3700",
            "id": "2021-04-30 05:08:06.239844918 +0000 UTC",
            "latest_master_version": "1.19.9-gke.1400",
            "latest_node_version": "1.19.9-gke.1400",
            "location": "europe-west1-b",
            "project": "terraform-learning-306409",
            "release_channel_default_version": {
              "RAPID": "1.19.9-gke.700",
              "REGULAR": "1.18.16-gke.502",
              "STABLE": "1.17.17-gke.3700"
            },
            "valid_master_versions": [
              "1.19.9-gke.1400",
              "1.19.8-gke.1600",
              "1.18.17-gke.1200",
              "1.18.17-gke.700",
              "1.18.17-gke.100",
              "1.18.16-gke.2100",
              "1.18.16-gke.1201",
              "1.18.16-gke.502",
              "1.18.16-gke.302",
              "1.18.16-gke.300",
              "1.18.15-gke.1502",
              "1.18.15-gke.1501",
              "1.17.17-gke.6000",
              "1.17.17-gke.5400",
              "1.17.17-gke.4900",
              "1.17.17-gke.4400",
              "1.17.17-gke.3700",
              "1.17.17-gke.3000",
              "1.17.17-gke.2800",
              "1.17.17-gke.1500",
              "1.17.17-gke.1101",
              "1.16.15-gke.14800",
              "1.16.15-gke.12500"
            ],
            "valid_node_versions": [
              "1.19.9-gke.1400",
              "1.19.8-gke.1600",
              "1.18.17-gke.1200",
              "1.18.17-gke.700",
              "1.18.17-gke.100",
              "1.18.16-gke.2100",
              "1.18.16-gke.1201",
              "1.18.16-gke.1200",
              "1.18.16-gke.502",
              "1.18.16-gke.500",
              "1.18.16-gke.302",
              "1.18.16-gke.300",
              "1.18.15-gke.2500",
              "1.18.15-gke.1502",
              "1.18.15-gke.1501",
              "1.18.15-gke.1500",
              "1.18.15-gke.1102",
              "1.18.15-gke.1100",
              "1.18.15-gke.800",
              "1.18.14-gke.1600",
              "1.18.14-gke.1200",
              "1.18.12-gke.1210",
              "1.18.12-gke.1206",
              "1.18.12-gke.1205",
              "1.18.12-gke.1201",
              "1.18.12-gke.1200",
              "1.18.12-gke.300",
              "1.18.10-gke.2701",
              "1.18.10-gke.2101",
              "1.18.10-gke.1500",
              "1.18.10-gke.601",
              "1.18.9-gke.2501",
              "1.18.9-gke.1501",
              "1.18.9-gke.801",
              "1.18.6-gke.4801",
              "1.18.6-gke.3504",
              "1.18.6-gke.3503",
              "1.17.17-gke.6000",
              "1.17.17-gke.5400",
              "1.17.17-gke.4900",
              "1.17.17-gke.4400",
              "1.17.17-gke.3700",
              "1.17.17-gke.3000",
              "1.17.17-gke.2800",
              "1.17.17-gke.2500",
              "1.17.17-gke.1500",
              "1.17.17-gke.1101",
              "1.17.17-gke.1100",
              "1.17.17-gke.600",
              "1.17.16-gke.1600",
              "1.17.16-gke.1300",
              "1.17.15-gke.800",
              "1.17.15-gke.300",
              "1.17.14-gke.1600",
              "1.17.14-gke.1200",
              "1.17.14-gke.400",
              "1.17.13-gke.2600",
              "1.17.13-gke.2001",
              "1.17.13-gke.1401",
              "1.17.13-gke.1400",
              "1.17.13-gke.600",
              "1.17.12-gke.2502",
              "1.17.12-gke.1504",
              "1.17.12-gke.1501",
              "1.17.12-gke.500",
              "1.17.9-gke.6300",
              "1.17.9-gke.1504",
              "1.16.15-gke.14800",
              "1.16.15-gke.12500",
              "1.16.15-gke.11800",
              "1.16.15-gke.10600",
              "1.16.15-gke.7801",
              "1.16.15-gke.7800",
              "1.16.15-gke.7300",
              "1.16.15-gke.6900",
              "1.16.15-gke.6000",
              "1.16.15-gke.5500",
              "1.16.15-gke.4901",
              "1.16.15-gke.4301",
              "1.16.15-gke.4300",
              "1.16.15-gke.3500",
              "1.16.15-gke.2601",
              "1.16.15-gke.1600",
              "1.16.15-gke.500",
              "1.16.13-gke.404",
              "1.16.13-gke.403",
              "1.16.13-gke.401",
              "1.16.13-gke.400",
              "1.16.13-gke.1",
              "1.16.11-gke.5",
              "1.16.10-gke.8",
              "1.16.9-gke.6",
              "1.16.9-gke.2",
              "1.16.8-gke.15",
              "1.16.8-gke.12",
              "1.16.8-gke.9",
              "1.15.12-gke.6002",
              "1.15.12-gke.6001",
              "1.15.12-gke.5000",
              "1.15.12-gke.4002",
              "1.15.12-gke.4000",
              "1.15.12-gke.20",
              "1.15.12-gke.17",
              "1.15.12-gke.16",
              "1.15.12-gke.13",
              "1.15.12-gke.9",
              "1.15.12-gke.6",
              "1.15.12-gke.3",
              "1.15.12-gke.2",
              "1.15.11-gke.17",
              "1.15.11-gke.15",
              "1.15.11-gke.13",
              "1.15.11-gke.12",
              "1.15.11-gke.11",
              "1.15.11-gke.9",
              "1.15.11-gke.5",
              "1.15.11-gke.3",
              "1.15.11-gke.1",
              "1.15.9-gke.26",
              "1.15.9-gke.24",
              "1.15.9-gke.22",
              "1.15.9-gke.12",
              "1.15.9-gke.9",
              "1.15.9-gke.8",
              "1.15.8-gke.3",
              "1.15.8-gke.2",
              "1.15.7-gke.23",
              "1.15.7-gke.2",
              "1.15.4-gke.22",
              "1.14.10-gke.1504",
              "1.14.10-gke.902",
              "1.14.10-gke.50",
              "1.14.10-gke.46",
              "1.14.10-gke.45",
              "1.14.10-gke.42",
              "1.14.10-gke.41",
              "1.14.10-gke.40",
              "1.14.10-gke.37",
              "1.14.10-gke.36",
              "1.14.10-gke.34",
              "1.14.10-gke.32",
              "1.14.10-gke.31",
              "1.14.10-gke.27",
              "1.14.10-gke.24",
              "1.14.10-gke.22",
              "1.14.10-gke.21",
              "1.14.10-gke.17",
              "1.14.10-gke.0",
              "1.14.9-gke.23",
              "1.14.9-gke.2",
              "1.14.9-gke.0",
              "1.14.8-gke.33",
              "1.14.8-gke.21",
              "1.14.8-gke.18",
              "1.14.8-gke.17",
              "1.14.8-gke.14",
              "1.14.8-gke.12",
              "1.14.8-gke.7",
              "1.14.8-gke.2",
              "1.14.7-gke.40",
              "1.14.7-gke.25",
              "1.14.7-gke.23",
              "1.14.7-gke.17",
              "1.14.7-gke.14",
              "1.14.7-gke.10",
              "1.14.6-gke.13",
              "1.14.6-gke.2",
              "1.14.6-gke.1",
              "1.14.3-gke.11",
              "1.14.3-gke.10",
              "1.14.3-gke.9",
              "1.14.2-gke.9",
              "1.14.1-gke.5",
              "1.13.12-gke.30",
              "1.13.12-gke.25",
              "1.13.12-gke.17",
              "1.13.12-gke.16",
              "1.13.12-gke.14",
              "1.13.12-gke.13",
              "1.13.12-gke.10",
              "1.13.12-gke.8",
              "1.13.12-gke.4",
              "1.13.12-gke.2",
              "1.13.11-gke.23",
              "1.13.11-gke.15",
              "1.13.11-gke.14",
              "1.13.11-gke.12",
              "1.13.11-gke.11",
              "1.13.11-gke.9",
              "1.13.11-gke.5",
              "1.13.10-gke.7",
              "1.13.10-gke.0",
              "1.13.9-gke.11",
              "1.13.9-gke.3",
              "1.13.7-gke.24",
              "1.13.7-gke.19",
              "1.13.7-gke.15",
              "1.13.7-gke.8",
              "1.13.7-gke.0",
              "1.13.6-gke.13",
              "1.13.6-gke.6",
              "1.13.6-gke.5",
              "1.13.6-gke.0",
              "1.13.5-gke.10",
              "1.12.10-gke.22",
              "1.12.10-gke.20",
              "1.12.10-gke.19",
              "1.12.10-gke.18",
              "1.12.10-gke.17",
              "1.12.10-gke.15",
              "1.12.10-gke.13",
              "1.12.10-gke.11",
              "1.12.10-gke.5",
              "1.12.9-gke.16",
              "1.12.9-gke.15",
              "1.12.9-gke.13",
              "1.12.9-gke.10",
              "1.12.9-gke.7",
              "1.12.9-gke.3",
              "1.12.8-gke.12",
              "1.12.8-gke.10",
              "1.12.8-gke.7",
              "1.12.8-gke.6",
              "1.12.7-gke.26",
              "1.12.7-gke.25",
              "1.12.7-gke.24",
              "1.12.7-gke.22",
              "1.12.7-gke.21",
              "1.12.7-gke.17",
              "1.12.7-gke.10",
              "1.12.7-gke.7",
              "1.12.6-gke.11",
              "1.12.6-gke.10",
              "1.12.6-gke.7",
              "1.12.5-gke.10",
              "1.12.5-gke.5",
              "1.11.10-gke.6",
              "1.11.10-gke.5"
            ],
            "version_prefix": null
          }
        }
      ]
    },
    {
      "module": "module.gke",
      "mode": "managed",
      "type": "google_container_cluster",
      "name": "primary",
      "provider": "provider[\"registry.terraform.io/hashicorp/google\"]",
      "instances": [
        {
          "schema_version": 1,
          "attributes": {
            "addons_config": [
              {
                "cloudrun_config": [],
                "horizontal_pod_autoscaling": [
                  {
                    "disabled": false
                  }
                ],
                "http_load_balancing": [
                  {
                    "disabled": false
                  }
                ],
                "network_policy_config": [
                  {
                    "disabled": true
                  }
                ]
              }
            ],
            "authenticator_groups_config": [],
            "cluster_autoscaling": [
              {
                "auto_provisioning_defaults": [],
                "enabled": false,
                "resource_limits": []
              }
            ],
            "cluster_ipv4_cidr": "10.20.0.0/16",
            "database_encryption": [
              {
                "key_name": "",
                "state": "DECRYPTED"
              }
            ],
            "default_max_pods_per_node": 110,
            "description": "",
            "enable_binary_authorization": false,
            "enable_intranode_visibility": null,
            "enable_kubernetes_alpha": false,
            "enable_legacy_abac": false,
            "enable_shielded_nodes": true,
            "enable_tpu": null,
            "endpoint": "104.155.127.149",
            "id": "projects/terraform-learning-306409/locations/europe-west1/clusters/lab-cluster-dev",
            "initial_node_count": 0,
            "instance_group_urls": [
              "https://www.googleapis.com/compute/v1/projects/terraform-learning-306409/zones/europe-west1-b/instanceGroups/gke-lab-cluster-dev-default-pool-5afabf0a-grp",
              "https://www.googleapis.com/compute/v1/projects/terraform-learning-306409/zones/europe-west1-c/instanceGroups/gke-lab-cluster-dev-default-pool-20a33a4c-grp",
              "https://www.googleapis.com/compute/v1/projects/terraform-learning-306409/zones/europe-west1-d/instanceGroups/gke-lab-cluster-dev-default-pool-c615176d-grp"
            ],
            "ip_allocation_policy": [
              {
                "cluster_ipv4_cidr_block": "10.20.0.0/16",
                "cluster_secondary_range_name": "ip-range-pods",
                "services_ipv4_cidr_block": "10.30.0.0/16",
                "services_secondary_range_name": "ip-range-services"
              }
            ],
            "label_fingerprint": "a9dc16a7",
            "location": "europe-west1",
            "logging_service": "logging.googleapis.com/kubernetes",
            "maintenance_policy": [
              {
                "daily_maintenance_window": [
                  {
                    "duration": "PT4H0M0S",
                    "start_time": "05:00"
                  }
                ],
                "recurring_window": []
              }
            ],
            "master_auth": [
              {
                "client_certificate": "",
                "client_certificate_config": [
                  {
                    "issue_client_certificate": false
                  }
                ],
                "client_key": "",
                "cluster_ca_certificate": "LS0tLS1CRUdJTiBDRVJUSUZJQ0FURS0tLS0tCk1JSURLakNDQWhLZ0F3SUJBZ0lRZC8reS9Wd0RCc0JWUm4xa3Z3OS9SekFOQmdrcWhraUc5dzBCQVFzRkFEQXYKTVMwd0t3WURWUVFERXlSbE1tUTFNMkptWXkwMk5UbGlMVFJrTlRVdE9EUTBaUzB5TkRBME1tRmxNalF5TURrdwpIaGNOTWpFd05ETXdNRFF3T0RVNVdoY05Nall3TkRJNU1EVXdPRFU1V2pBdk1TMHdLd1lEVlFRREV5UmxNbVExCk0ySm1ZeTAyTlRsaUxUUmtOVFV0T0RRMFpTMHlOREEwTW1GbE1qUXlNRGt3Z2dFaU1BMEdDU3FHU0liM0RRRUIKQVFVQUE0SUJEd0F3Z2dFS0FvSUJBUURGdVRFWXZVRU9yV3crMDZaYVBnWjBhTXBHcWJ5Uko5M2x3TjArM0MrQgpaN3JrWWtBTkdBRUt6ZHJXVy8yV0ZXVFRBWVJyWWNWYjdKak9rRXRIM21ZM3ZaRkNGQ3d3cEFUMnVFSm56OUU0ClJGbGgzcC8rWHFEdE9zUEpXWmZVbHB3N0xxbnR0QkJGOXdoQTFhdXB0UFlXS2NPbUk1MHpVUU83Z1YwWVV5am8Kb1oxK2pmNmcvUmF1a3p5ZE5CdHRkZGtIVU5TeXhxQ2hIQ2ZpUWJMVW92TGZRWEJuS2p5UUJkbmQ4RXV2Si9KMQpJc3hZMmZEZ2JsWFhQZU43T1R4WHZEVXpxb0ovbVNNT0dobFpVMHhzNWJwVlFzZGxWUkgvdzNpTXgvY2NUM0poCjIrbkUraVBSQURRaHZGOU1nRDNiNEhIUGFrUThjNmZzcXBSdmdSSjdMZlA1QWdNQkFBR2pRakJBTUE0R0ExVWQKRHdFQi93UUVBd0lDQkRBUEJnTlZIUk1CQWY4RUJUQURBUUgvTUIwR0ExVWREZ1FXQkJSUTBsVFQ2dGEwMVNXUwozaDhFTUxDUmVERCtuREFOQmdrcWhraUc5dzBCQVFzRkFBT0NBUUVBZkZBdjNHZ05QU2FNd0t1V1pVbllRajdwCk1UQSs5a0MvNVNKUnNZNFFYcHBKcUhMQXBRMUp0NTkzQnVCdVI4MEFjdjQzMlBEVjVxUG9tWGZENDJINGwxcDAKcXZrOGV0R3Q2RzVaVFRqcXdqbU1mc2pFTzYzU0UxK1FqcjgwY0J6YVFUOUxhYUp3UTdzVjltZjhBZ3Y3UXdPeAozT3pNUmNtR2xjY1ZRVDBXc1dheUM1VS9ZaE9DQ1pMb3ZqSE5ZVEVyTkQvSlVlOVVQTnIyMkdYVTF6WnpiQng3CnYwQ3lWMytaV2J0V3Fpay83Zy81RTZUYjd1RllqSE9Gb2FXTkdoajh6N2o2MVR6MmR2NzFoRmF6VUVlVVFFUzMKSlV1T0t0MGhtOVNWdWVEaXZhR0l2ZmJlNkZYYzd3ZXBkOUg2S3VVVzNmRGFtQU1oS2laREhYWjJjOUVGQ0E9PQotLS0tLUVORCBDRVJUSUZJQ0FURS0tLS0tCg==",
                "password": "",
                "username": ""
              }
            ],
            "master_authorized_networks_config": [],
            "master_version": "1.19.9-gke.1400",
            "min_master_version": "1.19.9-gke.1400",
            "monitoring_service": "monitoring.googleapis.com/kubernetes",
            "name": "lab-cluster-dev",
            "network": "projects/terraform-learning-306409/global/networks/vpc-gke-01",
            "network_policy": [
              {
                "enabled": false,
                "provider": "PROVIDER_UNSPECIFIED"
              }
            ],
            "node_config": [
              {
                "disk_size_gb": 100,
                "disk_type": "pd-standard",
                "guest_accelerator": [],
                "image_type": "COS_CONTAINERD",
                "labels": {},
                "local_ssd_count": 0,
                "machine_type": "e2-medium",
                "metadata": {
                  "disable-legacy-endpoints": "true"
                },
                "min_cpu_platform": "",
                "oauth_scopes": [
                  "https://www.googleapis.com/auth/logging.write",
                  "https://www.googleapis.com/auth/monitoring"
                ],
                "preemptible": false,
                "service_account": "tf-gke-lab-cluster-dev-qy1p@terraform-learning-306409.iam.gserviceaccount.com",
                "shielded_instance_config": [
                  {
                    "enable_integrity_monitoring": true,
                    "enable_secure_boot": false
                  }
                ],
                "tags": [],
                "taint": [],
                "workload_metadata_config": [
                  {
                    "node_metadata": "GKE_METADATA_SERVER"
                  }
                ]
              }
            ],
            "node_locations": [
              "europe-west1-b",
              "europe-west1-c",
              "europe-west1-d"
            ],
            "node_pool": [
              {
                "autoscaling": [],
                "initial_node_count": 0,
                "instance_group_urls": [
                  "https://www.googleapis.com/compute/v1/projects/terraform-learning-306409/zones/europe-west1-b/instanceGroupManagers/gke-lab-cluster-dev-default-pool-5afabf0a-grp",
                  "https://www.googleapis.com/compute/v1/projects/terraform-learning-306409/zones/europe-west1-c/instanceGroupManagers/gke-lab-cluster-dev-default-pool-20a33a4c-grp",
                  "https://www.googleapis.com/compute/v1/projects/terraform-learning-306409/zones/europe-west1-d/instanceGroupManagers/gke-lab-cluster-dev-default-pool-c615176d-grp"
                ],
                "management": [
                  {
                    "auto_repair": true,
                    "auto_upgrade": true
                  }
                ],
                "max_pods_per_node": 110,
                "name": "default-pool",
                "name_prefix": "",
                "node_config": [
                  {
                    "disk_size_gb": 100,
                    "disk_type": "pd-standard",
                    "guest_accelerator": [],
                    "image_type": "COS_CONTAINERD",
                    "labels": {},
                    "local_ssd_count": 0,
                    "machine_type": "e2-medium",
                    "metadata": {
                      "disable-legacy-endpoints": "true"
                    },
                    "min_cpu_platform": "",
                    "oauth_scopes": [
                      "https://www.googleapis.com/auth/logging.write",
                      "https://www.googleapis.com/auth/monitoring"
                    ],
                    "preemptible": false,
                    "service_account": "tf-gke-lab-cluster-dev-qy1p@terraform-learning-306409.iam.gserviceaccount.com",
                    "shielded_instance_config": [
                      {
                        "enable_integrity_monitoring": true,
                        "enable_secure_boot": false
                      }
                    ],
                    "tags": null,
                    "taint": [],
                    "workload_metadata_config": [
                      {
                        "node_metadata": "GKE_METADATA_SERVER"
                      }
                    ]
                  }
                ],
                "node_count": 0,
                "node_locations": [
                  "europe-west1-b",
                  "europe-west1-c",
                  "europe-west1-d"
                ],
                "upgrade_settings": [
                  {
                    "max_surge": 1,
                    "max_unavailable": 0
                  }
                ],
                "version": "1.19.9-gke.1400"
              }
            ],
            "node_version": "1.19.9-gke.1400",
            "operation": null,
            "pod_security_policy_config": [],
            "private_cluster_config": [],
            "project": "terraform-learning-306409",
            "release_channel": [
              {
                "channel": "UNSPECIFIED"
              }
            ],
            "remove_default_node_pool": false,
            "resource_labels": null,
            "resource_usage_export_config": [],
            "self_link": "https://container.googleapis.com/v1beta1/projects/terraform-learning-306409/locations/europe-west1/clusters/lab-cluster-dev",
            "services_ipv4_cidr": "10.30.0.0/16",
            "subnetwork": "projects/terraform-learning-306409/regions/europe-west1/subnetworks/subnet-gke-01",
            "timeouts": {
              "create": "45m",
              "delete": "45m",
              "read": null,
              "update": "45m"
            },
            "vertical_pod_autoscaling": [
              {
                "enabled": false
              }
            ],
            "workload_identity_config": [
              {
                "identity_namespace": "terraform-learning-306409.svc.id.goog"
              }
            ]
          },
          "private": "eyJlMmJmYjczMC1lY2FhLTExZTYtOGY4OC0zNDM2M2JjN2M0YzAiOnsiY3JlYXRlIjoyNzAwMDAwMDAwMDAwLCJkZWxldGUiOjI3MDAwMDAwMDAwMDAsInJlYWQiOjI0MDAwMDAwMDAwMDAsInVwZGF0ZSI6MjcwMDAwMDAwMDAwMH0sInNjaGVtYV92ZXJzaW9uIjoiMSJ9",
          "dependencies": [
            "module.gcp-network.module.subnets.google_compute_subnetwork.subnetwork",
            "module.gcp-network.module.vpc.google_compute_network.network",
            "module.gke.data.google_compute_zones.available",
            "module.gke.data.google_container_engine_versions.region",
            "module.gke.data.google_container_engine_versions.zone",
            "module.gke.google_service_account.cluster_service_account",
            "module.gke.random_shuffle.available_zones",
            "module.gke.random_string.cluster_service_account_suffix"
          ]
        }
      ]
    },
    {
      "module": "module.gke",
      "mode": "managed",
      "type": "google_container_node_pool",
      "name": "pools",
      "provider": "provider[\"registry.terraform.io/hashicorp/google\"]",
      "instances": [
        {
          "index_key": "node-pool",
          "schema_version": 1,
          "attributes": {
            "autoscaling": [
              {
                "max_node_count": 2,
                "min_node_count": 1
              }
            ],
            "cluster": "lab-cluster-dev",
            "id": "projects/terraform-learning-306409/locations/europe-west1/clusters/lab-cluster-dev/nodePools/node-pool",
            "initial_node_count": 1,
            "instance_group_urls": [
              "https://www.googleapis.com/compute/v1/projects/terraform-learning-306409/zones/europe-west1-b/instanceGroupManagers/gke-lab-cluster-dev-node-pool-367c0b21-grp",
              "https://www.googleapis.com/compute/v1/projects/terraform-learning-306409/zones/europe-west1-c/instanceGroupManagers/gke-lab-cluster-dev-node-pool-96a0857d-grp",
              "https://www.googleapis.com/compute/v1/projects/terraform-learning-306409/zones/europe-west1-d/instanceGroupManagers/gke-lab-cluster-dev-node-pool-7c4b6a8b-grp"
            ],
            "location": "europe-west1",
            "management": [
              {
                "auto_repair": true,
                "auto_upgrade": true
              }
            ],
            "max_pods_per_node": 110,
            "name": "node-pool",
            "name_prefix": "",
            "node_config": [
              {
                "disk_size_gb": 30,
                "disk_type": "pd-standard",
                "guest_accelerator": [],
                "image_type": "COS",
                "labels": {
                  "cluster_name": "lab-cluster-dev",
                  "node_pool": "node-pool"
                },
                "local_ssd_count": 0,
                "machine_type": "e2-medium",
                "metadata": {
                  "cluster_name": "lab-cluster-dev",
                  "disable-legacy-endpoints": "true",
                  "node_pool": "node-pool"
                },
                "min_cpu_platform": "",
                "oauth_scopes": [
                  "https://www.googleapis.com/auth/cloud-platform"
                ],
                "preemptible": false,
                "service_account": "tf-gke-lab-cluster-dev-qy1p@terraform-learning-306409.iam.gserviceaccount.com",
                "shielded_instance_config": [
                  {
                    "enable_integrity_monitoring": true,
                    "enable_secure_boot": false
                  }
                ],
                "tags": [
                  "gke-lab-cluster-dev",
                  "gke-lab-cluster-dev-node-pool"
                ],
                "taint": [],
                "workload_metadata_config": [
                  {
                    "node_metadata": "GKE_METADATA_SERVER"
                  }
                ]
              }
            ],
            "node_count": 1,
            "node_locations": [
              "europe-west1-b",
              "europe-west1-c",
              "europe-west1-d"
            ],
            "project": "terraform-learning-306409",
            "timeouts": {
              "create": "45m",
              "delete": "45m",
              "update": "45m"
            },
            "upgrade_settings": [
              {
                "max_surge": 1,
                "max_unavailable": 0
              }
            ],
            "version": "1.19.9-gke.1400"
          },
          "private": "eyJlMmJmYjczMC1lY2FhLTExZTYtOGY4OC0zNDM2M2JjN2M0YzAiOnsiY3JlYXRlIjoyNzAwMDAwMDAwMDAwLCJkZWxldGUiOjI3MDAwMDAwMDAwMDAsInVwZGF0ZSI6MjcwMDAwMDAwMDAwMH0sInNjaGVtYV92ZXJzaW9uIjoiMSJ9",
          "dependencies": [
            "module.gcp-network.module.subnets.google_compute_subnetwork.subnetwork",
            "module.gcp-network.module.vpc.google_compute_network.network",
            "module.gke.data.google_compute_zones.available",
            "module.gke.data.google_container_engine_versions.region",
            "module.gke.data.google_container_engine_versions.zone",
            "module.gke.google_container_cluster.primary",
            "module.gke.google_service_account.cluster_service_account",
            "module.gke.random_shuffle.available_zones",
            "module.gke.random_string.cluster_service_account_suffix"
          ]
        }
      ]
    },
    {
      "module": "module.gke",
      "mode": "managed",
      "type": "google_project_iam_member",
      "name": "cluster_service_account-log_writer",
      "provider": "provider[\"registry.terraform.io/hashicorp/google\"]",
      "instances": [
        {
          "index_key": 0,
          "schema_version": 0,
          "attributes": {
            "condition": [],
            "etag": "BwXBKZnx5JY=",
            "id": "terraform-learning-306409/roles/logging.logWriter/serviceaccount:tf-gke-lab-cluster-dev-qy1p@terraform-learning-306409.iam.gserviceaccount.com",
            "member": "serviceAccount:tf-gke-lab-cluster-dev-qy1p@terraform-learning-306409.iam.gserviceaccount.com",
            "project": "terraform-learning-306409",
            "role": "roles/logging.logWriter"
          },
          "private": "bnVsbA==",
          "dependencies": [
            "module.gke.google_service_account.cluster_service_account",
            "module.gke.random_string.cluster_service_account_suffix"
          ]
        }
      ]
    },
    {
      "module": "module.gke",
      "mode": "managed",
      "type": "google_project_iam_member",
      "name": "cluster_service_account-metric_writer",
      "provider": "provider[\"registry.terraform.io/hashicorp/google\"]",
      "instances": [
        {
          "index_key": 0,
          "schema_version": 0,
          "attributes": {
            "condition": [],
            "etag": "BwXBKZq5zUA=",
            "id": "terraform-learning-306409/roles/monitoring.metricWriter/serviceaccount:tf-gke-lab-cluster-dev-qy1p@terraform-learning-306409.iam.gserviceaccount.com",
            "member": "serviceAccount:tf-gke-lab-cluster-dev-qy1p@terraform-learning-306409.iam.gserviceaccount.com",
            "project": "terraform-learning-306409",
            "role": "roles/monitoring.metricWriter"
          },
          "private": "bnVsbA==",
          "dependencies": [
            "module.gke.google_project_iam_member.cluster_service_account-log_writer",
            "module.gke.google_service_account.cluster_service_account",
            "module.gke.random_string.cluster_service_account_suffix"
          ]
        }
      ]
    },
    {
      "module": "module.gke",
      "mode": "managed",
      "type": "google_project_iam_member",
      "name": "cluster_service_account-monitoring_viewer",
      "provider": "provider[\"registry.terraform.io/hashicorp/google\"]",
      "instances": [
        {
          "index_key": 0,
          "schema_version": 0,
          "attributes": {
            "condition": [],
            "etag": "BwXBKZuDbdU=",
            "id": "terraform-learning-306409/roles/monitoring.viewer/serviceaccount:tf-gke-lab-cluster-dev-qy1p@terraform-learning-306409.iam.gserviceaccount.com",
            "member": "serviceAccount:tf-gke-lab-cluster-dev-qy1p@terraform-learning-306409.iam.gserviceaccount.com",
            "project": "terraform-learning-306409",
            "role": "roles/monitoring.viewer"
          },
          "private": "bnVsbA==",
          "dependencies": [
            "module.gke.google_project_iam_member.cluster_service_account-log_writer",
            "module.gke.google_project_iam_member.cluster_service_account-metric_writer",
            "module.gke.google_service_account.cluster_service_account",
            "module.gke.random_string.cluster_service_account_suffix"
          ]
        }
      ]
    },
    {
      "module": "module.gke",
      "mode": "managed",
      "type": "google_project_iam_member",
      "name": "cluster_service_account-resourceMetadata-writer",
      "provider": "provider[\"registry.terraform.io/hashicorp/google\"]",
      "instances": [
        {
          "index_key": 0,
          "schema_version": 0,
          "attributes": {
            "condition": [],
            "etag": "BwXBKZxAOKk=",
            "id": "terraform-learning-306409/roles/stackdriver.resourceMetadata.writer/serviceaccount:tf-gke-lab-cluster-dev-qy1p@terraform-learning-306409.iam.gserviceaccount.com",
            "member": "serviceAccount:tf-gke-lab-cluster-dev-qy1p@terraform-learning-306409.iam.gserviceaccount.com",
            "project": "terraform-learning-306409",
            "role": "roles/stackdriver.resourceMetadata.writer"
          },
          "private": "bnVsbA==",
          "dependencies": [
            "module.gke.google_project_iam_member.cluster_service_account-log_writer",
            "module.gke.google_project_iam_member.cluster_service_account-metric_writer",
            "module.gke.google_project_iam_member.cluster_service_account-monitoring_viewer",
            "module.gke.google_service_account.cluster_service_account",
            "module.gke.random_string.cluster_service_account_suffix"
          ]
        }
      ]
    },
    {
      "module": "module.gke",
      "mode": "managed",
      "type": "google_service_account",
      "name": "cluster_service_account",
      "provider": "provider[\"registry.terraform.io/hashicorp/google\"]",
      "instances": [
        {
          "index_key": 0,
          "schema_version": 0,
          "attributes": {
            "account_id": "tf-gke-lab-cluster-dev-qy1p",
            "description": "",
            "display_name": "Terraform-managed service account for cluster lab-cluster-dev",
            "email": "tf-gke-lab-cluster-dev-qy1p@terraform-learning-306409.iam.gserviceaccount.com",
            "id": "projects/terraform-learning-306409/serviceAccounts/tf-gke-lab-cluster-dev-qy1p@terraform-learning-306409.iam.gserviceaccount.com",
            "name": "projects/terraform-learning-306409/serviceAccounts/tf-gke-lab-cluster-dev-qy1p@terraform-learning-306409.iam.gserviceaccount.com",
            "project": "terraform-learning-306409",
            "timeouts": null,
            "unique_id": "100544001690150260056"
          },
          "private": "eyJlMmJmYjczMC1lY2FhLTExZTYtOGY4OC0zNDM2M2JjN2M0YzAiOnsiY3JlYXRlIjozMDAwMDAwMDAwMDB9fQ==",
          "dependencies": [
            "module.gke.random_string.cluster_service_account_suffix"
          ]
        }
      ]
    },
    {
      "module": "module.gke",
      "mode": "managed",
      "type": "random_shuffle",
      "name": "available_zones",
      "provider": "provider[\"registry.terraform.io/hashicorp/random\"]",
      "instances": [
        {
          "schema_version": 0,
          "attributes": {
            "id": "-",
            "input": [
              "europe-west1-b",
              "europe-west1-c",
              "europe-west1-d"
            ],
            "keepers": null,
            "result": [
              "europe-west1-d",
              "europe-west1-c",
              "europe-west1-b"
            ],
            "result_count": 3,
            "seed": null
          },
          "private": "bnVsbA==",
          "dependencies": [
            "module.gke.data.google_compute_zones.available"
          ]
        }
      ]
    },
    {
      "module": "module.gke",
      "mode": "managed",
      "type": "random_string",
      "name": "cluster_service_account_suffix",
      "provider": "provider[\"registry.terraform.io/hashicorp/random\"]",
      "instances": [
        {
          "schema_version": 1,
          "attributes": {
            "id": "qy1p",
            "keepers": null,
            "length": 4,
            "lower": true,
            "min_lower": 0,
            "min_numeric": 0,
            "min_special": 0,
            "min_upper": 0,
            "number": true,
            "override_special": null,
            "result": "qy1p",
            "special": false,
            "upper": false
          },
          "private": "eyJzY2hlbWFfdmVyc2lvbiI6IjEifQ=="
        }
      ]
    },
    {
      "module": "module.gke.module.gcloud_delete_default_kube_dns_configmap.module.gcloud_kubectl",
      "mode": "managed",
      "type": "null_resource",
      "name": "module_depends_on",
      "provider": "provider[\"registry.terraform.io/hashicorp/null\"]",
      "instances": [
        {
          "index_key": 0,
          "schema_version": 0,
          "attributes": {
            "id": "4553498010680357819",
            "triggers": {
              "value": "3"
            }
          },
          "private": "bnVsbA==",
          "dependencies": [
            "module.gcp-network.module.subnets.google_compute_subnetwork.subnetwork",
            "module.gcp-network.module.vpc.google_compute_network.network",
            "module.gke.data.google_client_config.default",
            "module.gke.data.google_compute_zones.available",
            "module.gke.data.google_container_engine_versions.region",
            "module.gke.data.google_container_engine_versions.zone",
            "module.gke.google_container_cluster.primary",
            "module.gke.google_container_node_pool.pools",
            "module.gke.google_service_account.cluster_service_account",
            "module.gke.random_shuffle.available_zones",
            "module.gke.random_string.cluster_service_account_suffix"
          ]
        }
      ]
    },
    {
      "module": "module.gke_auth",
      "mode": "data",
      "type": "google_client_config",
      "name": "provider",
      "provider": "provider[\"registry.terraform.io/hashicorp/google\"]",
      "instances": [
        {
          "schema_version": 0,
          "attributes": {
            "access_token": "ya29.a0AfH6SMBeVTHGv1d5lwGW1WyMw4XU1s_tQSdm88qYOkGkN1t2Zn-GuoS5m-mdiAlsIr41mIuLKagL1-_PHXdECiezxkk-fe-LcdCOeid7PPmKW4NrUVxTVxXU5vbMD6unMa66ON3DBqy3HAtSa6gf6jI_9nh2YCf6a5LW0AfJ4W_sLOcCsmwgy4O0eNSmkpGX4DYiOlo4oUDepsuu_mu_OTpkUzUdBoyvSlItpEDIakXGRAJj_gmj_pYtIFBGmmXEIrC1rJ4",
            "id": "projects/terraform-learning-306409/regions//zones/",
            "project": "terraform-learning-306409",
            "region": "",
            "zone": ""
          }
        }
      ]
    },
    {
      "module": "module.gke_auth",
      "mode": "data",
      "type": "google_container_cluster",
      "name": "gke_cluster",
      "provider": "provider[\"registry.terraform.io/hashicorp/google\"]",
      "instances": [
        {
          "schema_version": 0,
          "attributes": {
            "addons_config": [
              {
                "cloudrun_config": [],
                "horizontal_pod_autoscaling": [
                  {
                    "disabled": false
                  }
                ],
                "http_load_balancing": [
                  {
                    "disabled": false
                  }
                ],
                "network_policy_config": [
                  {
                    "disabled": true
                  }
                ]
              }
            ],
            "authenticator_groups_config": [],
            "cluster_autoscaling": [
              {
                "auto_provisioning_defaults": [],
                "enabled": false,
                "resource_limits": []
              }
            ],
            "cluster_ipv4_cidr": "10.20.0.0/16",
            "database_encryption": [
              {
                "key_name": "",
                "state": "DECRYPTED"
              }
            ],
            "default_max_pods_per_node": 110,
            "description": "",
            "enable_binary_authorization": false,
            "enable_intranode_visibility": null,
            "enable_kubernetes_alpha": false,
            "enable_legacy_abac": false,
            "enable_shielded_nodes": true,
            "enable_tpu": null,
            "endpoint": "104.155.127.149",
            "id": "projects/terraform-learning-306409/locations/europe-west1/clusters/lab-cluster-dev",
            "initial_node_count": 0,
            "instance_group_urls": [
              "https://www.googleapis.com/compute/v1/projects/terraform-learning-306409/zones/europe-west1-b/instanceGroups/gke-lab-cluster-dev-default-pool-5afabf0a-grp",
              "https://www.googleapis.com/compute/v1/projects/terraform-learning-306409/zones/europe-west1-c/instanceGroups/gke-lab-cluster-dev-default-pool-20a33a4c-grp",
              "https://www.googleapis.com/compute/v1/projects/terraform-learning-306409/zones/europe-west1-d/instanceGroups/gke-lab-cluster-dev-default-pool-c615176d-grp",
              "https://www.googleapis.com/compute/v1/projects/terraform-learning-306409/zones/europe-west1-b/instanceGroups/gke-lab-cluster-dev-node-pool-367c0b21-grp",
              "https://www.googleapis.com/compute/v1/projects/terraform-learning-306409/zones/europe-west1-c/instanceGroups/gke-lab-cluster-dev-node-pool-96a0857d-grp",
              "https://www.googleapis.com/compute/v1/projects/terraform-learning-306409/zones/europe-west1-d/instanceGroups/gke-lab-cluster-dev-node-pool-7c4b6a8b-grp"
            ],
            "ip_allocation_policy": [
              {
                "cluster_ipv4_cidr_block": "10.20.0.0/16",
                "cluster_secondary_range_name": "ip-range-pods",
                "services_ipv4_cidr_block": "10.30.0.0/16",
                "services_secondary_range_name": "ip-range-services"
              }
            ],
            "label_fingerprint": "a9dc16a7",
            "location": "europe-west1",
            "logging_service": "logging.googleapis.com/kubernetes",
            "maintenance_policy": [
              {
                "daily_maintenance_window": [
                  {
                    "duration": "PT4H0M0S",
                    "start_time": "05:00"
                  }
                ],
                "recurring_window": []
              }
            ],
            "master_auth": [
              {
                "client_certificate": "",
                "client_certificate_config": [
                  {
                    "issue_client_certificate": false
                  }
                ],
                "client_key": "",
                "cluster_ca_certificate": "LS0tLS1CRUdJTiBDRVJUSUZJQ0FURS0tLS0tCk1JSURLakNDQWhLZ0F3SUJBZ0lRZC8reS9Wd0RCc0JWUm4xa3Z3OS9SekFOQmdrcWhraUc5dzBCQVFzRkFEQXYKTVMwd0t3WURWUVFERXlSbE1tUTFNMkptWXkwMk5UbGlMVFJrTlRVdE9EUTBaUzB5TkRBME1tRmxNalF5TURrdwpIaGNOTWpFd05ETXdNRFF3T0RVNVdoY05Nall3TkRJNU1EVXdPRFU1V2pBdk1TMHdLd1lEVlFRREV5UmxNbVExCk0ySm1ZeTAyTlRsaUxUUmtOVFV0T0RRMFpTMHlOREEwTW1GbE1qUXlNRGt3Z2dFaU1BMEdDU3FHU0liM0RRRUIKQVFVQUE0SUJEd0F3Z2dFS0FvSUJBUURGdVRFWXZVRU9yV3crMDZaYVBnWjBhTXBHcWJ5Uko5M2x3TjArM0MrQgpaN3JrWWtBTkdBRUt6ZHJXVy8yV0ZXVFRBWVJyWWNWYjdKak9rRXRIM21ZM3ZaRkNGQ3d3cEFUMnVFSm56OUU0ClJGbGgzcC8rWHFEdE9zUEpXWmZVbHB3N0xxbnR0QkJGOXdoQTFhdXB0UFlXS2NPbUk1MHpVUU83Z1YwWVV5am8Kb1oxK2pmNmcvUmF1a3p5ZE5CdHRkZGtIVU5TeXhxQ2hIQ2ZpUWJMVW92TGZRWEJuS2p5UUJkbmQ4RXV2Si9KMQpJc3hZMmZEZ2JsWFhQZU43T1R4WHZEVXpxb0ovbVNNT0dobFpVMHhzNWJwVlFzZGxWUkgvdzNpTXgvY2NUM0poCjIrbkUraVBSQURRaHZGOU1nRDNiNEhIUGFrUThjNmZzcXBSdmdSSjdMZlA1QWdNQkFBR2pRakJBTUE0R0ExVWQKRHdFQi93UUVBd0lDQkRBUEJnTlZIUk1CQWY4RUJUQURBUUgvTUIwR0ExVWREZ1FXQkJSUTBsVFQ2dGEwMVNXUwozaDhFTUxDUmVERCtuREFOQmdrcWhraUc5dzBCQVFzRkFBT0NBUUVBZkZBdjNHZ05QU2FNd0t1V1pVbllRajdwCk1UQSs5a0MvNVNKUnNZNFFYcHBKcUhMQXBRMUp0NTkzQnVCdVI4MEFjdjQzMlBEVjVxUG9tWGZENDJINGwxcDAKcXZrOGV0R3Q2RzVaVFRqcXdqbU1mc2pFTzYzU0UxK1FqcjgwY0J6YVFUOUxhYUp3UTdzVjltZjhBZ3Y3UXdPeAozT3pNUmNtR2xjY1ZRVDBXc1dheUM1VS9ZaE9DQ1pMb3ZqSE5ZVEVyTkQvSlVlOVVQTnIyMkdYVTF6WnpiQng3CnYwQ3lWMytaV2J0V3Fpay83Zy81RTZUYjd1RllqSE9Gb2FXTkdoajh6N2o2MVR6MmR2NzFoRmF6VUVlVVFFUzMKSlV1T0t0MGhtOVNWdWVEaXZhR0l2ZmJlNkZYYzd3ZXBkOUg2S3VVVzNmRGFtQU1oS2laREhYWjJjOUVGQ0E9PQotLS0tLUVORCBDRVJUSUZJQ0FURS0tLS0tCg==",
                "password": "",
                "username": ""
              }
            ],
            "master_authorized_networks_config": [],
            "master_version": "1.19.9-gke.1400",
            "min_master_version": null,
            "monitoring_service": "monitoring.googleapis.com/kubernetes",
            "name": "lab-cluster-dev",
            "network": "projects/terraform-learning-306409/global/networks/vpc-gke-01",
            "network_policy": [
              {
                "enabled": false,
                "provider": "PROVIDER_UNSPECIFIED"
              }
            ],
            "node_config": [
              {
                "disk_size_gb": 100,
                "disk_type": "pd-standard",
                "guest_accelerator": [],
                "image_type": "COS_CONTAINERD",
                "labels": {},
                "local_ssd_count": 0,
                "machine_type": "e2-medium",
                "metadata": {
                  "disable-legacy-endpoints": "true"
                },
                "min_cpu_platform": "",
                "oauth_scopes": [
                  "https://www.googleapis.com/auth/logging.write",
                  "https://www.googleapis.com/auth/monitoring"
                ],
                "preemptible": false,
                "service_account": "tf-gke-lab-cluster-dev-qy1p@terraform-learning-306409.iam.gserviceaccount.com",
                "shielded_instance_config": [
                  {
                    "enable_integrity_monitoring": true,
                    "enable_secure_boot": false
                  }
                ],
                "tags": [],
                "taint": [],
                "workload_metadata_config": [
                  {
                    "node_metadata": "GKE_METADATA_SERVER"
                  }
                ]
              }
            ],
            "node_locations": [
              "europe-west1-b",
              "europe-west1-c",
              "europe-west1-d"
            ],
            "node_pool": [
              {
                "autoscaling": [],
                "initial_node_count": 0,
                "instance_group_urls": [
                  "https://www.googleapis.com/compute/v1/projects/terraform-learning-306409/zones/europe-west1-b/instanceGroupManagers/gke-lab-cluster-dev-default-pool-5afabf0a-grp",
                  "https://www.googleapis.com/compute/v1/projects/terraform-learning-306409/zones/europe-west1-c/instanceGroupManagers/gke-lab-cluster-dev-default-pool-20a33a4c-grp",
                  "https://www.googleapis.com/compute/v1/projects/terraform-learning-306409/zones/europe-west1-d/instanceGroupManagers/gke-lab-cluster-dev-default-pool-c615176d-grp"
                ],
                "management": [
                  {
                    "auto_repair": true,
                    "auto_upgrade": true
                  }
                ],
                "max_pods_per_node": 110,
                "name": "default-pool",
                "name_prefix": "",
                "node_config": [
                  {
                    "disk_size_gb": 100,
                    "disk_type": "pd-standard",
                    "guest_accelerator": [],
                    "image_type": "COS_CONTAINERD",
                    "labels": {},
                    "local_ssd_count": 0,
                    "machine_type": "e2-medium",
                    "metadata": {
                      "disable-legacy-endpoints": "true"
                    },
                    "min_cpu_platform": "",
                    "oauth_scopes": [
                      "https://www.googleapis.com/auth/logging.write",
                      "https://www.googleapis.com/auth/monitoring"
                    ],
                    "preemptible": false,
                    "service_account": "tf-gke-lab-cluster-dev-qy1p@terraform-learning-306409.iam.gserviceaccount.com",
                    "shielded_instance_config": [
                      {
                        "enable_integrity_monitoring": true,
                        "enable_secure_boot": false
                      }
                    ],
                    "tags": [],
                    "taint": [],
                    "workload_metadata_config": [
                      {
                        "node_metadata": "GKE_METADATA_SERVER"
                      }
                    ]
                  }
                ],
                "node_count": 0,
                "node_locations": [
                  "europe-west1-b",
                  "europe-west1-c",
                  "europe-west1-d"
                ],
                "upgrade_settings": [
                  {
                    "max_surge": 1,
                    "max_unavailable": 0
                  }
                ],
                "version": "1.19.9-gke.1400"
              },
              {
                "autoscaling": [
                  {
                    "max_node_count": 2,
                    "min_node_count": 1
                  }
                ],
                "initial_node_count": 1,
                "instance_group_urls": [
                  "https://www.googleapis.com/compute/v1/projects/terraform-learning-306409/zones/europe-west1-b/instanceGroupManagers/gke-lab-cluster-dev-node-pool-367c0b21-grp",
                  "https://www.googleapis.com/compute/v1/projects/terraform-learning-306409/zones/europe-west1-c/instanceGroupManagers/gke-lab-cluster-dev-node-pool-96a0857d-grp",
                  "https://www.googleapis.com/compute/v1/projects/terraform-learning-306409/zones/europe-west1-d/instanceGroupManagers/gke-lab-cluster-dev-node-pool-7c4b6a8b-grp"
                ],
                "management": [
                  {
                    "auto_repair": true,
                    "auto_upgrade": true
                  }
                ],
                "max_pods_per_node": 110,
                "name": "node-pool",
                "name_prefix": "",
                "node_config": [
                  {
                    "disk_size_gb": 30,
                    "disk_type": "pd-standard",
                    "guest_accelerator": [],
                    "image_type": "COS",
                    "labels": {
                      "cluster_name": "lab-cluster-dev",
                      "node_pool": "node-pool"
                    },
                    "local_ssd_count": 0,
                    "machine_type": "e2-medium",
                    "metadata": {
                      "cluster_name": "lab-cluster-dev",
                      "disable-legacy-endpoints": "true",
                      "node_pool": "node-pool"
                    },
                    "min_cpu_platform": "",
                    "oauth_scopes": [
                      "https://www.googleapis.com/auth/cloud-platform"
                    ],
                    "preemptible": false,
                    "service_account": "tf-gke-lab-cluster-dev-qy1p@terraform-learning-306409.iam.gserviceaccount.com",
                    "shielded_instance_config": [
                      {
                        "enable_integrity_monitoring": true,
                        "enable_secure_boot": false
                      }
                    ],
                    "tags": [
                      "gke-lab-cluster-dev",
                      "gke-lab-cluster-dev-node-pool"
                    ],
                    "taint": [],
                    "workload_metadata_config": [
                      {
                        "node_metadata": "GKE_METADATA_SERVER"
                      }
                    ]
                  }
                ],
                "node_count": 1,
                "node_locations": [
                  "europe-west1-b",
                  "europe-west1-c",
                  "europe-west1-d"
                ],
                "upgrade_settings": [
                  {
                    "max_surge": 1,
                    "max_unavailable": 0
                  }
                ],
                "version": "1.19.9-gke.1400"
              }
            ],
            "node_version": "1.19.9-gke.1400",
            "operation": null,
            "pod_security_policy_config": null,
            "private_cluster_config": [],
            "project": "terraform-learning-306409",
            "release_channel": [
              {
                "channel": "UNSPECIFIED"
              }
            ],
            "remove_default_node_pool": null,
            "resource_labels": {},
            "resource_usage_export_config": [],
            "self_link": "https://container.googleapis.com/v1beta1/projects/terraform-learning-306409/locations/europe-west1/clusters/lab-cluster-dev",
            "services_ipv4_cidr": "10.30.0.0/16",
            "subnetwork": "projects/terraform-learning-306409/regions/europe-west1/subnetworks/subnet-gke-01",
            "vertical_pod_autoscaling": [
              {
                "enabled": false
              }
            ],
            "workload_identity_config": [
              {
                "identity_namespace": "terraform-learning-306409.svc.id.goog"
              }
            ]
          }
        }
      ]
    },
    {
      "module": "module.gke_auth",
      "mode": "data",
      "type": "template_file",
      "name": "kubeconfig",
      "provider": "provider[\"registry.terraform.io/hashicorp/template\"]",
      "instances": [
        {
          "schema_version": 0,
          "attributes": {
            "filename": null,
            "id": "4b503c174a9410a06f8dd20d6f7837cb99473917d57081de367e6777681e8781",
            "rendered": "apiVersion: v1\nclusters:\n- cluster:\n    certificate-authority-data: LS0tLS1CRUdJTiBDRVJUSUZJQ0FURS0tLS0tCk1JSURLakNDQWhLZ0F3SUJBZ0lRZC8reS9Wd0RCc0JWUm4xa3Z3OS9SekFOQmdrcWhraUc5dzBCQVFzRkFEQXYKTVMwd0t3WURWUVFERXlSbE1tUTFNMkptWXkwMk5UbGlMVFJrTlRVdE9EUTBaUzB5TkRBME1tRmxNalF5TURrdwpIaGNOTWpFd05ETXdNRFF3T0RVNVdoY05Nall3TkRJNU1EVXdPRFU1V2pBdk1TMHdLd1lEVlFRREV5UmxNbVExCk0ySm1ZeTAyTlRsaUxUUmtOVFV0T0RRMFpTMHlOREEwTW1GbE1qUXlNRGt3Z2dFaU1BMEdDU3FHU0liM0RRRUIKQVFVQUE0SUJEd0F3Z2dFS0FvSUJBUURGdVRFWXZVRU9yV3crMDZaYVBnWjBhTXBHcWJ5Uko5M2x3TjArM0MrQgpaN3JrWWtBTkdBRUt6ZHJXVy8yV0ZXVFRBWVJyWWNWYjdKak9rRXRIM21ZM3ZaRkNGQ3d3cEFUMnVFSm56OUU0ClJGbGgzcC8rWHFEdE9zUEpXWmZVbHB3N0xxbnR0QkJGOXdoQTFhdXB0UFlXS2NPbUk1MHpVUU83Z1YwWVV5am8Kb1oxK2pmNmcvUmF1a3p5ZE5CdHRkZGtIVU5TeXhxQ2hIQ2ZpUWJMVW92TGZRWEJuS2p5UUJkbmQ4RXV2Si9KMQpJc3hZMmZEZ2JsWFhQZU43T1R4WHZEVXpxb0ovbVNNT0dobFpVMHhzNWJwVlFzZGxWUkgvdzNpTXgvY2NUM0poCjIrbkUraVBSQURRaHZGOU1nRDNiNEhIUGFrUThjNmZzcXBSdmdSSjdMZlA1QWdNQkFBR2pRakJBTUE0R0ExVWQKRHdFQi93UUVBd0lDQkRBUEJnTlZIUk1CQWY4RUJUQURBUUgvTUIwR0ExVWREZ1FXQkJSUTBsVFQ2dGEwMVNXUwozaDhFTUxDUmVERCtuREFOQmdrcWhraUc5dzBCQVFzRkFBT0NBUUVBZkZBdjNHZ05QU2FNd0t1V1pVbllRajdwCk1UQSs5a0MvNVNKUnNZNFFYcHBKcUhMQXBRMUp0NTkzQnVCdVI4MEFjdjQzMlBEVjVxUG9tWGZENDJINGwxcDAKcXZrOGV0R3Q2RzVaVFRqcXdqbU1mc2pFTzYzU0UxK1FqcjgwY0J6YVFUOUxhYUp3UTdzVjltZjhBZ3Y3UXdPeAozT3pNUmNtR2xjY1ZRVDBXc1dheUM1VS9ZaE9DQ1pMb3ZqSE5ZVEVyTkQvSlVlOVVQTnIyMkdYVTF6WnpiQng3CnYwQ3lWMytaV2J0V3Fpay83Zy81RTZUYjd1RllqSE9Gb2FXTkdoajh6N2o2MVR6MmR2NzFoRmF6VUVlVVFFUzMKSlV1T0t0MGhtOVNWdWVEaXZhR0l2ZmJlNkZYYzd3ZXBkOUg2S3VVVzNmRGFtQU1oS2laREhYWjJjOUVGQ0E9PQotLS0tLUVORCBDRVJUSUZJQ0FURS0tLS0tCg==\n    server: https://104.155.127.149\n  name: lab-cluster-dev\ncontexts:\n- context:\n    cluster: lab-cluster-dev\n    user: lab-cluster-dev\n  name: lab-cluster-dev\ncurrent-context: lab-cluster-dev\nkind: Config\npreferences: {}\nusers:\n- name: lab-cluster-dev\n  user:\n    token: ya29.a0AfH6SMBeVTHGv1d5lwGW1WyMw4XU1s_tQSdm88qYOkGkN1t2Zn-GuoS5m-mdiAlsIr41mIuLKagL1-_PHXdECiezxkk-fe-LcdCOeid7PPmKW4NrUVxTVxXU5vbMD6unMa66ON3DBqy3HAtSa6gf6jI_9nh2YCf6a5LW0AfJ4W_sLOcCsmwgy4O0eNSmkpGX4DYiOlo4oUDepsuu_mu_OTpkUzUdBoyvSlItpEDIakXGRAJj_gmj_pYtIFBGmmXEIrC1rJ4\n",
            "template": "apiVersion: v1\nclusters:\n- cluster:\n    certificate-authority-data: ${cluster_ca_certificate}\n    server: https://${endpoint}\n  name: ${context}\ncontexts:\n- context:\n    cluster: ${context}\n    user: ${context}\n  name: ${context}\ncurrent-context: ${context}\nkind: Config\npreferences: {}\nusers:\n- name: ${context}\n  user:\n    token: ${token}\n",
            "vars": {
              "cluster_ca_certificate": "LS0tLS1CRUdJTiBDRVJUSUZJQ0FURS0tLS0tCk1JSURLakNDQWhLZ0F3SUJBZ0lRZC8reS9Wd0RCc0JWUm4xa3Z3OS9SekFOQmdrcWhraUc5dzBCQVFzRkFEQXYKTVMwd0t3WURWUVFERXlSbE1tUTFNMkptWXkwMk5UbGlMVFJrTlRVdE9EUTBaUzB5TkRBME1tRmxNalF5TURrdwpIaGNOTWpFd05ETXdNRFF3T0RVNVdoY05Nall3TkRJNU1EVXdPRFU1V2pBdk1TMHdLd1lEVlFRREV5UmxNbVExCk0ySm1ZeTAyTlRsaUxUUmtOVFV0T0RRMFpTMHlOREEwTW1GbE1qUXlNRGt3Z2dFaU1BMEdDU3FHU0liM0RRRUIKQVFVQUE0SUJEd0F3Z2dFS0FvSUJBUURGdVRFWXZVRU9yV3crMDZaYVBnWjBhTXBHcWJ5Uko5M2x3TjArM0MrQgpaN3JrWWtBTkdBRUt6ZHJXVy8yV0ZXVFRBWVJyWWNWYjdKak9rRXRIM21ZM3ZaRkNGQ3d3cEFUMnVFSm56OUU0ClJGbGgzcC8rWHFEdE9zUEpXWmZVbHB3N0xxbnR0QkJGOXdoQTFhdXB0UFlXS2NPbUk1MHpVUU83Z1YwWVV5am8Kb1oxK2pmNmcvUmF1a3p5ZE5CdHRkZGtIVU5TeXhxQ2hIQ2ZpUWJMVW92TGZRWEJuS2p5UUJkbmQ4RXV2Si9KMQpJc3hZMmZEZ2JsWFhQZU43T1R4WHZEVXpxb0ovbVNNT0dobFpVMHhzNWJwVlFzZGxWUkgvdzNpTXgvY2NUM0poCjIrbkUraVBSQURRaHZGOU1nRDNiNEhIUGFrUThjNmZzcXBSdmdSSjdMZlA1QWdNQkFBR2pRakJBTUE0R0ExVWQKRHdFQi93UUVBd0lDQkRBUEJnTlZIUk1CQWY4RUJUQURBUUgvTUIwR0ExVWREZ1FXQkJSUTBsVFQ2dGEwMVNXUwozaDhFTUxDUmVERCtuREFOQmdrcWhraUc5dzBCQVFzRkFBT0NBUUVBZkZBdjNHZ05QU2FNd0t1V1pVbllRajdwCk1UQSs5a0MvNVNKUnNZNFFYcHBKcUhMQXBRMUp0NTkzQnVCdVI4MEFjdjQzMlBEVjVxUG9tWGZENDJINGwxcDAKcXZrOGV0R3Q2RzVaVFRqcXdqbU1mc2pFTzYzU0UxK1FqcjgwY0J6YVFUOUxhYUp3UTdzVjltZjhBZ3Y3UXdPeAozT3pNUmNtR2xjY1ZRVDBXc1dheUM1VS9ZaE9DQ1pMb3ZqSE5ZVEVyTkQvSlVlOVVQTnIyMkdYVTF6WnpiQng3CnYwQ3lWMytaV2J0V3Fpay83Zy81RTZUYjd1RllqSE9Gb2FXTkdoajh6N2o2MVR6MmR2NzFoRmF6VUVlVVFFUzMKSlV1T0t0MGhtOVNWdWVEaXZhR0l2ZmJlNkZYYzd3ZXBkOUg2S3VVVzNmRGFtQU1oS2laREhYWjJjOUVGQ0E9PQotLS0tLUVORCBDRVJUSUZJQ0FURS0tLS0tCg==",
              "context": "lab-cluster-dev",
              "endpoint": "104.155.127.149",
              "token": "ya29.a0AfH6SMBeVTHGv1d5lwGW1WyMw4XU1s_tQSdm88qYOkGkN1t2Zn-GuoS5m-mdiAlsIr41mIuLKagL1-_PHXdECiezxkk-fe-LcdCOeid7PPmKW4NrUVxTVxXU5vbMD6unMa66ON3DBqy3HAtSa6gf6jI_9nh2YCf6a5LW0AfJ4W_sLOcCsmwgy4O0eNSmkpGX4DYiOlo4oUDepsuu_mu_OTpkUzUdBoyvSlItpEDIakXGRAJj_gmj_pYtIFBGmmXEIrC1rJ4"
            }
          }
        }
      ]
    }
  ]
}
